// !$*UTF8*$!
{
	archiveVersion = 1;
	classes = {
	};
	objectVersion = 50;
	objects = {

/* Begin PBXBuildFile section */
		938A48AF25F28AD60044694C /* IndexedCollection.swift in Sources */ = {isa = PBXBuildFile; fileRef = 938A48AC25F28AD60044694C /* IndexedCollection.swift */; };
		938A48B025F28AD60044694C /* IndexedCollection.swift in Sources */ = {isa = PBXBuildFile; fileRef = 938A48AC25F28AD60044694C /* IndexedCollection.swift */; };
		938A48B125F28AD60044694C /* IndexedCollection.swift in Sources */ = {isa = PBXBuildFile; fileRef = 938A48AC25F28AD60044694C /* IndexedCollection.swift */; };
		938A48B225F28AD60044694C /* IndexedCollection.swift in Sources */ = {isa = PBXBuildFile; fileRef = 938A48AC25F28AD60044694C /* IndexedCollection.swift */; };
		938A48B325F28AD60044694C /* Binding.swift in Sources */ = {isa = PBXBuildFile; fileRef = 938A48AD25F28AD60044694C /* Binding.swift */; };
		938A48B425F28AD60044694C /* Binding.swift in Sources */ = {isa = PBXBuildFile; fileRef = 938A48AD25F28AD60044694C /* Binding.swift */; };
		938A48B525F28AD60044694C /* Binding.swift in Sources */ = {isa = PBXBuildFile; fileRef = 938A48AD25F28AD60044694C /* Binding.swift */; };
		938A48B625F28AD60044694C /* Binding.swift in Sources */ = {isa = PBXBuildFile; fileRef = 938A48AD25F28AD60044694C /* Binding.swift */; };
		938A48B725F28AD60044694C /* ForEach.swift in Sources */ = {isa = PBXBuildFile; fileRef = 938A48AE25F28AD60044694C /* ForEach.swift */; };
		938A48B825F28AD60044694C /* ForEach.swift in Sources */ = {isa = PBXBuildFile; fileRef = 938A48AE25F28AD60044694C /* ForEach.swift */; };
		938A48B925F28AD60044694C /* ForEach.swift in Sources */ = {isa = PBXBuildFile; fileRef = 938A48AE25F28AD60044694C /* ForEach.swift */; };
		938A48BA25F28AD60044694C /* ForEach.swift in Sources */ = {isa = PBXBuildFile; fileRef = 938A48AE25F28AD60044694C /* ForEach.swift */; };
		939C01C925F1334F004E797E /* Tests_iOS.swift in Sources */ = {isa = PBXBuildFile; fileRef = 939C01C825F1334F004E797E /* Tests_iOS.swift */; };
		939C01D425F1334F004E797E /* Tests_macOS.swift in Sources */ = {isa = PBXBuildFile; fileRef = 939C01D325F1334F004E797E /* Tests_macOS.swift */; };
		939C01D625F1334F004E797E /* WasteWatchersApp.swift in Sources */ = {isa = PBXBuildFile; fileRef = 939C01AD25F13349004E797E /* WasteWatchersApp.swift */; };
		939C01D725F1334F004E797E /* WasteWatchersApp.swift in Sources */ = {isa = PBXBuildFile; fileRef = 939C01AD25F13349004E797E /* WasteWatchersApp.swift */; };
		939C01D825F1334F004E797E /* ChecklistView.swift in Sources */ = {isa = PBXBuildFile; fileRef = 939C01AE25F13349004E797E /* ChecklistView.swift */; };
		939C01D925F1334F004E797E /* ChecklistView.swift in Sources */ = {isa = PBXBuildFile; fileRef = 939C01AE25F13349004E797E /* ChecklistView.swift */; };
		939C01DA25F1334F004E797E /* Assets.xcassets in Resources */ = {isa = PBXBuildFile; fileRef = 939C01AF25F1334F004E797E /* Assets.xcassets */; };
		939C01DB25F1334F004E797E /* Assets.xcassets in Resources */ = {isa = PBXBuildFile; fileRef = 939C01AF25F1334F004E797E /* Assets.xcassets */; };
		939C01F325F140F2004E797E /* ChecklistItem.swift in Sources */ = {isa = PBXBuildFile; fileRef = 939C01F225F140F2004E797E /* ChecklistItem.swift */; };
		939C01F425F140F2004E797E /* ChecklistItem.swift in Sources */ = {isa = PBXBuildFile; fileRef = 939C01F225F140F2004E797E /* ChecklistItem.swift */; };
		939C01FE25F1417F004E797E /* Checklist.swift in Sources */ = {isa = PBXBuildFile; fileRef = 939C01FD25F1417F004E797E /* Checklist.swift */; };
		939C01FF25F1417F004E797E /* Checklist.swift in Sources */ = {isa = PBXBuildFile; fileRef = 939C01FD25F1417F004E797E /* Checklist.swift */; };
		939C021F25F14755004E797E /* NewChecklistItemView.swift in Sources */ = {isa = PBXBuildFile; fileRef = 939C021E25F14755004E797E /* NewChecklistItemView.swift */; };
		939C022025F14755004E797E /* NewChecklistItemView.swift in Sources */ = {isa = PBXBuildFile; fileRef = 939C021E25F14755004E797E /* NewChecklistItemView.swift */; };
		939C022A25F14B84004E797E /* RowView.swift in Sources */ = {isa = PBXBuildFile; fileRef = 939C022925F14B84004E797E /* RowView.swift */; };
		939C022B25F14B84004E797E /* RowView.swift in Sources */ = {isa = PBXBuildFile; fileRef = 939C022925F14B84004E797E /* RowView.swift */; };
		939C024025F150F3004E797E /* EditChecklistView.swift in Sources */ = {isa = PBXBuildFile; fileRef = 939C023F25F150F3004E797E /* EditChecklistView.swift */; };
		939C024125F150F3004E797E /* EditChecklistView.swift in Sources */ = {isa = PBXBuildFile; fileRef = 939C023F25F150F3004E797E /* EditChecklistView.swift */; };
/* End PBXBuildFile section */

/* Begin PBXContainerItemProxy section */
		939C01C525F1334F004E797E /* PBXContainerItemProxy */ = {
			isa = PBXContainerItemProxy;
			containerPortal = 939C01A825F13349004E797E /* Project object */;
			proxyType = 1;
			remoteGlobalIDString = 939C01B325F1334F004E797E;
			remoteInfo = "WasteWatchers (iOS)";
		};
		939C01D025F1334F004E797E /* PBXContainerItemProxy */ = {
			isa = PBXContainerItemProxy;
			containerPortal = 939C01A825F13349004E797E /* Project object */;
			proxyType = 1;
			remoteGlobalIDString = 939C01BB25F1334F004E797E;
			remoteInfo = "WasteWatchers (macOS)";
		};
/* End PBXContainerItemProxy section */

/* Begin PBXFileReference section */
		938A48AC25F28AD60044694C /* IndexedCollection.swift */ = {isa = PBXFileReference; fileEncoding = 4; lastKnownFileType = sourcecode.swift; path = IndexedCollection.swift; sourceTree = "<group>"; };
		938A48AD25F28AD60044694C /* Binding.swift */ = {isa = PBXFileReference; fileEncoding = 4; lastKnownFileType = sourcecode.swift; path = Binding.swift; sourceTree = "<group>"; };
		938A48AE25F28AD60044694C /* ForEach.swift */ = {isa = PBXFileReference; fileEncoding = 4; lastKnownFileType = sourcecode.swift; path = ForEach.swift; sourceTree = "<group>"; };
		939C01AD25F13349004E797E /* WasteWatchersApp.swift */ = {isa = PBXFileReference; lastKnownFileType = sourcecode.swift; path = WasteWatchersApp.swift; sourceTree = "<group>"; };
		939C01AE25F13349004E797E /* ChecklistView.swift */ = {isa = PBXFileReference; lastKnownFileType = sourcecode.swift; path = ChecklistView.swift; sourceTree = "<group>"; };
		939C01AF25F1334F004E797E /* Assets.xcassets */ = {isa = PBXFileReference; lastKnownFileType = folder.assetcatalog; path = Assets.xcassets; sourceTree = "<group>"; };
		939C01B425F1334F004E797E /* WasteWatchers.app */ = {isa = PBXFileReference; explicitFileType = wrapper.application; includeInIndex = 0; path = WasteWatchers.app; sourceTree = BUILT_PRODUCTS_DIR; };
		939C01B725F1334F004E797E /* Info.plist */ = {isa = PBXFileReference; lastKnownFileType = text.plist.xml; path = Info.plist; sourceTree = "<group>"; };
		939C01BC25F1334F004E797E /* WasteWatchers.app */ = {isa = PBXFileReference; explicitFileType = wrapper.application; includeInIndex = 0; path = WasteWatchers.app; sourceTree = BUILT_PRODUCTS_DIR; };
		939C01BE25F1334F004E797E /* Info.plist */ = {isa = PBXFileReference; lastKnownFileType = text.plist.xml; path = Info.plist; sourceTree = "<group>"; };
		939C01BF25F1334F004E797E /* macOS.entitlements */ = {isa = PBXFileReference; lastKnownFileType = text.plist.entitlements; path = macOS.entitlements; sourceTree = "<group>"; };
		939C01C425F1334F004E797E /* Tests iOS.xctest */ = {isa = PBXFileReference; explicitFileType = wrapper.cfbundle; includeInIndex = 0; path = "Tests iOS.xctest"; sourceTree = BUILT_PRODUCTS_DIR; };
		939C01C825F1334F004E797E /* Tests_iOS.swift */ = {isa = PBXFileReference; lastKnownFileType = sourcecode.swift; path = Tests_iOS.swift; sourceTree = "<group>"; };
		939C01CA25F1334F004E797E /* Info.plist */ = {isa = PBXFileReference; lastKnownFileType = text.plist.xml; path = Info.plist; sourceTree = "<group>"; };
		939C01CF25F1334F004E797E /* Tests macOS.xctest */ = {isa = PBXFileReference; explicitFileType = wrapper.cfbundle; includeInIndex = 0; path = "Tests macOS.xctest"; sourceTree = BUILT_PRODUCTS_DIR; };
		939C01D325F1334F004E797E /* Tests_macOS.swift */ = {isa = PBXFileReference; lastKnownFileType = sourcecode.swift; path = Tests_macOS.swift; sourceTree = "<group>"; };
		939C01D525F1334F004E797E /* Info.plist */ = {isa = PBXFileReference; lastKnownFileType = text.plist.xml; path = Info.plist; sourceTree = "<group>"; };
		939C01F225F140F2004E797E /* ChecklistItem.swift */ = {isa = PBXFileReference; lastKnownFileType = sourcecode.swift; path = ChecklistItem.swift; sourceTree = "<group>"; };
		939C01FD25F1417F004E797E /* Checklist.swift */ = {isa = PBXFileReference; lastKnownFileType = sourcecode.swift; path = Checklist.swift; sourceTree = "<group>"; };
		939C021E25F14755004E797E /* NewChecklistItemView.swift */ = {isa = PBXFileReference; lastKnownFileType = sourcecode.swift; path = NewChecklistItemView.swift; sourceTree = "<group>"; };
		939C022925F14B84004E797E /* RowView.swift */ = {isa = PBXFileReference; lastKnownFileType = sourcecode.swift; path = RowView.swift; sourceTree = "<group>"; };
		939C023F25F150F3004E797E /* EditChecklistView.swift */ = {isa = PBXFileReference; lastKnownFileType = sourcecode.swift; path = EditChecklistView.swift; sourceTree = "<group>"; };
/* End PBXFileReference section */

/* Begin PBXFrameworksBuildPhase section */
		939C01B125F1334F004E797E /* Frameworks */ = {
			isa = PBXFrameworksBuildPhase;
			buildActionMask = 2147483647;
			files = (
			);
			runOnlyForDeploymentPostprocessing = 0;
		};
		939C01B925F1334F004E797E /* Frameworks */ = {
			isa = PBXFrameworksBuildPhase;
			buildActionMask = 2147483647;
			files = (
			);
			runOnlyForDeploymentPostprocessing = 0;
		};
		939C01C125F1334F004E797E /* Frameworks */ = {
			isa = PBXFrameworksBuildPhase;
			buildActionMask = 2147483647;
			files = (
			);
			runOnlyForDeploymentPostprocessing = 0;
		};
		939C01CC25F1334F004E797E /* Frameworks */ = {
			isa = PBXFrameworksBuildPhase;
			buildActionMask = 2147483647;
			files = (
			);
			runOnlyForDeploymentPostprocessing = 0;
		};
/* End PBXFrameworksBuildPhase section */

/* Begin PBXGroup section */
		938A48AB25F28AD60044694C /* Extensions */ = {
			isa = PBXGroup;
			children = (
				938A48AC25F28AD60044694C /* IndexedCollection.swift */,
				938A48AD25F28AD60044694C /* Binding.swift */,
				938A48AE25F28AD60044694C /* ForEach.swift */,
			);
			path = Extensions;
			sourceTree = "<group>";
		};
		939C01A725F13349004E797E = {
			isa = PBXGroup;
			children = (
				939C01AC25F13349004E797E /* Shared */,
				939C01B625F1334F004E797E /* iOS */,
				939C01BD25F1334F004E797E /* macOS */,
				939C01C725F1334F004E797E /* Tests iOS */,
				939C01D225F1334F004E797E /* Tests macOS */,
				939C01B525F1334F004E797E /* Products */,
			);
			sourceTree = "<group>";
		};
		939C01AC25F13349004E797E /* Shared */ = {
			isa = PBXGroup;
			children = (
				938A48AB25F28AD60044694C /* Extensions */,
				939C01AD25F13349004E797E /* WasteWatchersApp.swift */,
				939C01AE25F13349004E797E /* ChecklistView.swift */,
				939C01FD25F1417F004E797E /* Checklist.swift */,
				939C01F225F140F2004E797E /* ChecklistItem.swift */,
				939C021E25F14755004E797E /* NewChecklistItemView.swift */,
				939C023F25F150F3004E797E /* EditChecklistView.swift */,
				939C022925F14B84004E797E /* RowView.swift */,
				939C01AF25F1334F004E797E /* Assets.xcassets */,
			);
			path = Shared;
			sourceTree = "<group>";
		};
		939C01B525F1334F004E797E /* Products */ = {
			isa = PBXGroup;
			children = (
				939C01B425F1334F004E797E /* WasteWatchers.app */,
				939C01BC25F1334F004E797E /* WasteWatchers.app */,
				939C01C425F1334F004E797E /* Tests iOS.xctest */,
				939C01CF25F1334F004E797E /* Tests macOS.xctest */,
			);
			name = Products;
			sourceTree = "<group>";
		};
		939C01B625F1334F004E797E /* iOS */ = {
			isa = PBXGroup;
			children = (
				939C01B725F1334F004E797E /* Info.plist */,
			);
			path = iOS;
			sourceTree = "<group>";
		};
		939C01BD25F1334F004E797E /* macOS */ = {
			isa = PBXGroup;
			children = (
				939C01BE25F1334F004E797E /* Info.plist */,
				939C01BF25F1334F004E797E /* macOS.entitlements */,
			);
			path = macOS;
			sourceTree = "<group>";
		};
		939C01C725F1334F004E797E /* Tests iOS */ = {
			isa = PBXGroup;
			children = (
				939C01C825F1334F004E797E /* Tests_iOS.swift */,
				939C01CA25F1334F004E797E /* Info.plist */,
			);
			path = "Tests iOS";
			sourceTree = "<group>";
		};
		939C01D225F1334F004E797E /* Tests macOS */ = {
			isa = PBXGroup;
			children = (
				939C01D325F1334F004E797E /* Tests_macOS.swift */,
				939C01D525F1334F004E797E /* Info.plist */,
			);
			path = "Tests macOS";
			sourceTree = "<group>";
		};
/* End PBXGroup section */

/* Begin PBXNativeTarget section */
		939C01B325F1334F004E797E /* WasteWatchers (iOS) */ = {
			isa = PBXNativeTarget;
			buildConfigurationList = 939C01DE25F1334F004E797E /* Build configuration list for PBXNativeTarget "WasteWatchers (iOS)" */;
			buildPhases = (
				939C01B025F1334F004E797E /* Sources */,
				939C01B125F1334F004E797E /* Frameworks */,
				939C01B225F1334F004E797E /* Resources */,
			);
			buildRules = (
			);
			dependencies = (
			);
			name = "WasteWatchers (iOS)";
			productName = "WasteWatchers (iOS)";
			productReference = 939C01B425F1334F004E797E /* WasteWatchers.app */;
			productType = "com.apple.product-type.application";
		};
		939C01BB25F1334F004E797E /* WasteWatchers (macOS) */ = {
			isa = PBXNativeTarget;
			buildConfigurationList = 939C01E125F1334F004E797E /* Build configuration list for PBXNativeTarget "WasteWatchers (macOS)" */;
			buildPhases = (
				939C01B825F1334F004E797E /* Sources */,
				939C01B925F1334F004E797E /* Frameworks */,
				939C01BA25F1334F004E797E /* Resources */,
			);
			buildRules = (
			);
			dependencies = (
			);
			name = "WasteWatchers (macOS)";
			productName = "WasteWatchers (macOS)";
			productReference = 939C01BC25F1334F004E797E /* WasteWatchers.app */;
			productType = "com.apple.product-type.application";
		};
		939C01C325F1334F004E797E /* Tests iOS */ = {
			isa = PBXNativeTarget;
			buildConfigurationList = 939C01E425F1334F004E797E /* Build configuration list for PBXNativeTarget "Tests iOS" */;
			buildPhases = (
				939C01C025F1334F004E797E /* Sources */,
				939C01C125F1334F004E797E /* Frameworks */,
				939C01C225F1334F004E797E /* Resources */,
			);
			buildRules = (
			);
			dependencies = (
				939C01C625F1334F004E797E /* PBXTargetDependency */,
			);
			name = "Tests iOS";
			productName = "Tests iOS";
			productReference = 939C01C425F1334F004E797E /* Tests iOS.xctest */;
			productType = "com.apple.product-type.bundle.ui-testing";
		};
		939C01CE25F1334F004E797E /* Tests macOS */ = {
			isa = PBXNativeTarget;
			buildConfigurationList = 939C01E725F1334F004E797E /* Build configuration list for PBXNativeTarget "Tests macOS" */;
			buildPhases = (
				939C01CB25F1334F004E797E /* Sources */,
				939C01CC25F1334F004E797E /* Frameworks */,
				939C01CD25F1334F004E797E /* Resources */,
			);
			buildRules = (
			);
			dependencies = (
				939C01D125F1334F004E797E /* PBXTargetDependency */,
			);
			name = "Tests macOS";
			productName = "Tests macOS";
			productReference = 939C01CF25F1334F004E797E /* Tests macOS.xctest */;
			productType = "com.apple.product-type.bundle.ui-testing";
		};
/* End PBXNativeTarget section */

/* Begin PBXProject section */
		939C01A825F13349004E797E /* Project object */ = {
			isa = PBXProject;
			attributes = {
				LastSwiftUpdateCheck = 1240;
				LastUpgradeCheck = 1240;
				TargetAttributes = {
					939C01B325F1334F004E797E = {
						CreatedOnToolsVersion = 12.4;
					};
					939C01BB25F1334F004E797E = {
						CreatedOnToolsVersion = 12.4;
					};
					939C01C325F1334F004E797E = {
						CreatedOnToolsVersion = 12.4;
						TestTargetID = 939C01B325F1334F004E797E;
					};
					939C01CE25F1334F004E797E = {
						CreatedOnToolsVersion = 12.4;
						TestTargetID = 939C01BB25F1334F004E797E;
					};
				};
			};
			buildConfigurationList = 939C01AB25F13349004E797E /* Build configuration list for PBXProject "WasteWatchers" */;
			compatibilityVersion = "Xcode 9.3";
			developmentRegion = en;
			hasScannedForEncodings = 0;
			knownRegions = (
				en,
				Base,
			);
			mainGroup = 939C01A725F13349004E797E;
			productRefGroup = 939C01B525F1334F004E797E /* Products */;
			projectDirPath = "";
			projectRoot = "";
			targets = (
				939C01B325F1334F004E797E /* WasteWatchers (iOS) */,
				939C01BB25F1334F004E797E /* WasteWatchers (macOS) */,
				939C01C325F1334F004E797E /* Tests iOS */,
				939C01CE25F1334F004E797E /* Tests macOS */,
			);
		};
/* End PBXProject section */

/* Begin PBXResourcesBuildPhase section */
		939C01B225F1334F004E797E /* Resources */ = {
			isa = PBXResourcesBuildPhase;
			buildActionMask = 2147483647;
			files = (
				939C01DA25F1334F004E797E /* Assets.xcassets in Resources */,
			);
			runOnlyForDeploymentPostprocessing = 0;
		};
		939C01BA25F1334F004E797E /* Resources */ = {
			isa = PBXResourcesBuildPhase;
			buildActionMask = 2147483647;
			files = (
				939C01DB25F1334F004E797E /* Assets.xcassets in Resources */,
			);
			runOnlyForDeploymentPostprocessing = 0;
		};
		939C01C225F1334F004E797E /* Resources */ = {
			isa = PBXResourcesBuildPhase;
			buildActionMask = 2147483647;
			files = (
			);
			runOnlyForDeploymentPostprocessing = 0;
		};
		939C01CD25F1334F004E797E /* Resources */ = {
			isa = PBXResourcesBuildPhase;
			buildActionMask = 2147483647;
			files = (
			);
			runOnlyForDeploymentPostprocessing = 0;
		};
/* End PBXResourcesBuildPhase section */

/* Begin PBXSourcesBuildPhase section */
		939C01B025F1334F004E797E /* Sources */ = {
			isa = PBXSourcesBuildPhase;
			buildActionMask = 2147483647;
			files = (
				939C01FE25F1417F004E797E /* Checklist.swift in Sources */,
				939C021F25F14755004E797E /* NewChecklistItemView.swift in Sources */,
				939C022A25F14B84004E797E /* RowView.swift in Sources */,
				939C01D825F1334F004E797E /* ChecklistView.swift in Sources */,
				938A48B325F28AD60044694C /* Binding.swift in Sources */,
				939C01F325F140F2004E797E /* ChecklistItem.swift in Sources */,
				939C024025F150F3004E797E /* EditChecklistView.swift in Sources */,
				939C01D625F1334F004E797E /* WasteWatchersApp.swift in Sources */,
				938A48B725F28AD60044694C /* ForEach.swift in Sources */,
				938A48AF25F28AD60044694C /* IndexedCollection.swift in Sources */,
			);
			runOnlyForDeploymentPostprocessing = 0;
		};
		939C01B825F1334F004E797E /* Sources */ = {
			isa = PBXSourcesBuildPhase;
			buildActionMask = 2147483647;
			files = (
				939C01FF25F1417F004E797E /* Checklist.swift in Sources */,
				939C022025F14755004E797E /* NewChecklistItemView.swift in Sources */,
				939C022B25F14B84004E797E /* RowView.swift in Sources */,
				939C01D925F1334F004E797E /* ChecklistView.swift in Sources */,
				938A48B425F28AD60044694C /* Binding.swift in Sources */,
				939C01F425F140F2004E797E /* ChecklistItem.swift in Sources */,
				939C024125F150F3004E797E /* EditChecklistView.swift in Sources */,
				939C01D725F1334F004E797E /* WasteWatchersApp.swift in Sources */,
				938A48B825F28AD60044694C /* ForEach.swift in Sources */,
				938A48B025F28AD60044694C /* IndexedCollection.swift in Sources */,
			);
			runOnlyForDeploymentPostprocessing = 0;
		};
		939C01C025F1334F004E797E /* Sources */ = {
			isa = PBXSourcesBuildPhase;
			buildActionMask = 2147483647;
			files = (
				938A48B925F28AD60044694C /* ForEach.swift in Sources */,
				939C01C925F1334F004E797E /* Tests_iOS.swift in Sources */,
				938A48B525F28AD60044694C /* Binding.swift in Sources */,
				938A48B125F28AD60044694C /* IndexedCollection.swift in Sources */,
			);
			runOnlyForDeploymentPostprocessing = 0;
		};
		939C01CB25F1334F004E797E /* Sources */ = {
			isa = PBXSourcesBuildPhase;
			buildActionMask = 2147483647;
			files = (
				938A48BA25F28AD60044694C /* ForEach.swift in Sources */,
				939C01D425F1334F004E797E /* Tests_macOS.swift in Sources */,
				938A48B625F28AD60044694C /* Binding.swift in Sources */,
				938A48B225F28AD60044694C /* IndexedCollection.swift in Sources */,
			);
			runOnlyForDeploymentPostprocessing = 0;
		};
/* End PBXSourcesBuildPhase section */

/* Begin PBXTargetDependency section */
		939C01C625F1334F004E797E /* PBXTargetDependency */ = {
			isa = PBXTargetDependency;
			target = 939C01B325F1334F004E797E /* WasteWatchers (iOS) */;
			targetProxy = 939C01C525F1334F004E797E /* PBXContainerItemProxy */;
		};
		939C01D125F1334F004E797E /* PBXTargetDependency */ = {
			isa = PBXTargetDependency;
			target = 939C01BB25F1334F004E797E /* WasteWatchers (macOS) */;
			targetProxy = 939C01D025F1334F004E797E /* PBXContainerItemProxy */;
		};
/* End PBXTargetDependency section */

/* Begin XCBuildConfiguration section */
		939C01DC25F1334F004E797E /* Debug */ = {
			isa = XCBuildConfiguration;
			buildSettings = {
				ALWAYS_SEARCH_USER_PATHS = NO;
				CLANG_ANALYZER_NONNULL = YES;
				CLANG_ANALYZER_NUMBER_OBJECT_CONVERSION = YES_AGGRESSIVE;
				CLANG_CXX_LANGUAGE_STANDARD = "gnu++14";
				CLANG_CXX_LIBRARY = "libc++";
				CLANG_ENABLE_MODULES = YES;
				CLANG_ENABLE_OBJC_ARC = YES;
				CLANG_ENABLE_OBJC_WEAK = YES;
				CLANG_WARN_BLOCK_CAPTURE_AUTORELEASING = YES;
				CLANG_WARN_BOOL_CONVERSION = YES;
				CLANG_WARN_COMMA = YES;
				CLANG_WARN_CONSTANT_CONVERSION = YES;
				CLANG_WARN_DEPRECATED_OBJC_IMPLEMENTATIONS = YES;
				CLANG_WARN_DIRECT_OBJC_ISA_USAGE = YES_ERROR;
				CLANG_WARN_DOCUMENTATION_COMMENTS = YES;
				CLANG_WARN_EMPTY_BODY = YES;
				CLANG_WARN_ENUM_CONVERSION = YES;
				CLANG_WARN_INFINITE_RECURSION = YES;
				CLANG_WARN_INT_CONVERSION = YES;
				CLANG_WARN_NON_LITERAL_NULL_CONVERSION = YES;
				CLANG_WARN_OBJC_IMPLICIT_RETAIN_SELF = YES;
				CLANG_WARN_OBJC_LITERAL_CONVERSION = YES;
				CLANG_WARN_OBJC_ROOT_CLASS = YES_ERROR;
				CLANG_WARN_QUOTED_INCLUDE_IN_FRAMEWORK_HEADER = YES;
				CLANG_WARN_RANGE_LOOP_ANALYSIS = YES;
				CLANG_WARN_STRICT_PROTOTYPES = YES;
				CLANG_WARN_SUSPICIOUS_MOVE = YES;
				CLANG_WARN_UNGUARDED_AVAILABILITY = YES_AGGRESSIVE;
				CLANG_WARN_UNREACHABLE_CODE = YES;
				CLANG_WARN__DUPLICATE_METHOD_MATCH = YES;
				COPY_PHASE_STRIP = NO;
				DEBUG_INFORMATION_FORMAT = dwarf;
				ENABLE_STRICT_OBJC_MSGSEND = YES;
				ENABLE_TESTABILITY = YES;
				GCC_C_LANGUAGE_STANDARD = gnu11;
				GCC_DYNAMIC_NO_PIC = NO;
				GCC_NO_COMMON_BLOCKS = YES;
				GCC_OPTIMIZATION_LEVEL = 0;
				GCC_PREPROCESSOR_DEFINITIONS = (
					"DEBUG=1",
					"$(inherited)",
				);
				GCC_WARN_64_TO_32_BIT_CONVERSION = YES;
				GCC_WARN_ABOUT_RETURN_TYPE = YES_ERROR;
				GCC_WARN_UNDECLARED_SELECTOR = YES;
				GCC_WARN_UNINITIALIZED_AUTOS = YES_AGGRESSIVE;
				GCC_WARN_UNUSED_FUNCTION = YES;
				GCC_WARN_UNUSED_VARIABLE = YES;
				MTL_ENABLE_DEBUG_INFO = INCLUDE_SOURCE;
				MTL_FAST_MATH = YES;
				ONLY_ACTIVE_ARCH = YES;
				SWIFT_ACTIVE_COMPILATION_CONDITIONS = DEBUG;
				SWIFT_OPTIMIZATION_LEVEL = "-Onone";
			};
			name = Debug;
		};
		939C01DD25F1334F004E797E /* Release */ = {
			isa = XCBuildConfiguration;
			buildSettings = {
				ALWAYS_SEARCH_USER_PATHS = NO;
				CLANG_ANALYZER_NONNULL = YES;
				CLANG_ANALYZER_NUMBER_OBJECT_CONVERSION = YES_AGGRESSIVE;
				CLANG_CXX_LANGUAGE_STANDARD = "gnu++14";
				CLANG_CXX_LIBRARY = "libc++";
				CLANG_ENABLE_MODULES = YES;
				CLANG_ENABLE_OBJC_ARC = YES;
				CLANG_ENABLE_OBJC_WEAK = YES;
				CLANG_WARN_BLOCK_CAPTURE_AUTORELEASING = YES;
				CLANG_WARN_BOOL_CONVERSION = YES;
				CLANG_WARN_COMMA = YES;
				CLANG_WARN_CONSTANT_CONVERSION = YES;
				CLANG_WARN_DEPRECATED_OBJC_IMPLEMENTATIONS = YES;
				CLANG_WARN_DIRECT_OBJC_ISA_USAGE = YES_ERROR;
				CLANG_WARN_DOCUMENTATION_COMMENTS = YES;
				CLANG_WARN_EMPTY_BODY = YES;
				CLANG_WARN_ENUM_CONVERSION = YES;
				CLANG_WARN_INFINITE_RECURSION = YES;
				CLANG_WARN_INT_CONVERSION = YES;
				CLANG_WARN_NON_LITERAL_NULL_CONVERSION = YES;
				CLANG_WARN_OBJC_IMPLICIT_RETAIN_SELF = YES;
				CLANG_WARN_OBJC_LITERAL_CONVERSION = YES;
				CLANG_WARN_OBJC_ROOT_CLASS = YES_ERROR;
				CLANG_WARN_QUOTED_INCLUDE_IN_FRAMEWORK_HEADER = YES;
				CLANG_WARN_RANGE_LOOP_ANALYSIS = YES;
				CLANG_WARN_STRICT_PROTOTYPES = YES;
				CLANG_WARN_SUSPICIOUS_MOVE = YES;
				CLANG_WARN_UNGUARDED_AVAILABILITY = YES_AGGRESSIVE;
				CLANG_WARN_UNREACHABLE_CODE = YES;
				CLANG_WARN__DUPLICATE_METHOD_MATCH = YES;
				COPY_PHASE_STRIP = NO;
				DEBUG_INFORMATION_FORMAT = "dwarf-with-dsym";
				ENABLE_NS_ASSERTIONS = NO;
				ENABLE_STRICT_OBJC_MSGSEND = YES;
				GCC_C_LANGUAGE_STANDARD = gnu11;
				GCC_NO_COMMON_BLOCKS = YES;
				GCC_WARN_64_TO_32_BIT_CONVERSION = YES;
				GCC_WARN_ABOUT_RETURN_TYPE = YES_ERROR;
				GCC_WARN_UNDECLARED_SELECTOR = YES;
				GCC_WARN_UNINITIALIZED_AUTOS = YES_AGGRESSIVE;
				GCC_WARN_UNUSED_FUNCTION = YES;
				GCC_WARN_UNUSED_VARIABLE = YES;
				MTL_ENABLE_DEBUG_INFO = NO;
				MTL_FAST_MATH = YES;
				SWIFT_COMPILATION_MODE = wholemodule;
				SWIFT_OPTIMIZATION_LEVEL = "-O";
			};
			name = Release;
		};
		939C01DF25F1334F004E797E /* Debug */ = {
			isa = XCBuildConfiguration;
			buildSettings = {
				ASSETCATALOG_COMPILER_APPICON_NAME = AppIcon;
				ASSETCATALOG_COMPILER_GLOBAL_ACCENT_COLOR_NAME = AccentColor;
				CODE_SIGN_STYLE = Automatic;
				DEVELOPMENT_TEAM = 9W5BU52U5K;
				ENABLE_PREVIEWS = YES;
				INFOPLIST_FILE = iOS/Info.plist;
				IPHONEOS_DEPLOYMENT_TARGET = 14.0;
				LD_RUNPATH_SEARCH_PATHS = (
					"$(inherited)",
					"@executable_path/Frameworks",
				);
				PRODUCT_BUNDLE_IDENTIFIER = Capstone.WasteWatchers;
				PRODUCT_NAME = WasteWatchers;
				SDKROOT = iphoneos;
				SWIFT_VERSION = 5.0;
				TARGETED_DEVICE_FAMILY = "1,2";
			};
			name = Debug;
		};
		939C01E025F1334F004E797E /* Release */ = {
			isa = XCBuildConfiguration;
			buildSettings = {
				ASSETCATALOG_COMPILER_APPICON_NAME = AppIcon;
				ASSETCATALOG_COMPILER_GLOBAL_ACCENT_COLOR_NAME = AccentColor;
				CODE_SIGN_STYLE = Automatic;
				DEVELOPMENT_TEAM = 9W5BU52U5K;
				ENABLE_PREVIEWS = YES;
				INFOPLIST_FILE = iOS/Info.plist;
				IPHONEOS_DEPLOYMENT_TARGET = 14.0;
				LD_RUNPATH_SEARCH_PATHS = (
					"$(inherited)",
					"@executable_path/Frameworks",
				);
				PRODUCT_BUNDLE_IDENTIFIER = Capstone.WasteWatchers;
				PRODUCT_NAME = WasteWatchers;
				SDKROOT = iphoneos;
				SWIFT_VERSION = 5.0;
				TARGETED_DEVICE_FAMILY = "1,2";
				VALIDATE_PRODUCT = YES;
			};
			name = Release;
		};
		939C01E225F1334F004E797E /* Debug */ = {
			isa = XCBuildConfiguration;
			buildSettings = {
				ASSETCATALOG_COMPILER_APPICON_NAME = AppIcon;
				ASSETCATALOG_COMPILER_GLOBAL_ACCENT_COLOR_NAME = AccentColor;
				CODE_SIGN_ENTITLEMENTS = macOS/macOS.entitlements;
				CODE_SIGN_STYLE = Automatic;
				COMBINE_HIDPI_IMAGES = YES;
				DEVELOPMENT_TEAM = 9W5BU52U5K;
				ENABLE_HARDENED_RUNTIME = YES;
				ENABLE_PREVIEWS = YES;
				INFOPLIST_FILE = macOS/Info.plist;
				LD_RUNPATH_SEARCH_PATHS = (
					"$(inherited)",
					"@executable_path/../Frameworks",
				);
				MACOSX_DEPLOYMENT_TARGET = 11.0;
				PRODUCT_BUNDLE_IDENTIFIER = Capstone.WasteWatchers;
				PRODUCT_NAME = WasteWatchers;
				SDKROOT = macosx;
				SWIFT_VERSION = 5.0;
			};
			name = Debug;
		};
		939C01E325F1334F004E797E /* Release */ = {
			isa = XCBuildConfiguration;
			buildSettings = {
				ASSETCATALOG_COMPILER_APPICON_NAME = AppIcon;
				ASSETCATALOG_COMPILER_GLOBAL_ACCENT_COLOR_NAME = AccentColor;
				CODE_SIGN_ENTITLEMENTS = macOS/macOS.entitlements;
				CODE_SIGN_STYLE = Automatic;
				COMBINE_HIDPI_IMAGES = YES;
				DEVELOPMENT_TEAM = 9W5BU52U5K;
				ENABLE_HARDENED_RUNTIME = YES;
				ENABLE_PREVIEWS = YES;
				INFOPLIST_FILE = macOS/Info.plist;
				LD_RUNPATH_SEARCH_PATHS = (
					"$(inherited)",
					"@executable_path/../Frameworks",
				);
				MACOSX_DEPLOYMENT_TARGET = 11.0;
				PRODUCT_BUNDLE_IDENTIFIER = Capstone.WasteWatchers;
				PRODUCT_NAME = WasteWatchers;
				SDKROOT = macosx;
				SWIFT_VERSION = 5.0;
			};
			name = Release;
		};
		939C01E525F1334F004E797E /* Debug */ = {
			isa = XCBuildConfiguration;
			buildSettings = {
				ALWAYS_EMBED_SWIFT_STANDARD_LIBRARIES = YES;
				CODE_SIGN_STYLE = Automatic;
				DEVELOPMENT_TEAM = 9W5BU52U5K;
				INFOPLIST_FILE = "Tests iOS/Info.plist";
				IPHONEOS_DEPLOYMENT_TARGET = 14.4;
				LD_RUNPATH_SEARCH_PATHS = (
					"$(inherited)",
					"@executable_path/Frameworks",
					"@loader_path/Frameworks",
				);
				PRODUCT_BUNDLE_IDENTIFIER = "Capstone.Tests-iOS";
				PRODUCT_NAME = "$(TARGET_NAME)";
				SDKROOT = iphoneos;
				SWIFT_VERSION = 5.0;
				TARGETED_DEVICE_FAMILY = "1,2";
				TEST_TARGET_NAME = "WasteWatchers (iOS)";
			};
			name = Debug;
		};
		939C01E625F1334F004E797E /* Release */ = {
			isa = XCBuildConfiguration;
			buildSettings = {
				ALWAYS_EMBED_SWIFT_STANDARD_LIBRARIES = YES;
				CODE_SIGN_STYLE = Automatic;
				DEVELOPMENT_TEAM = 9W5BU52U5K;
				INFOPLIST_FILE = "Tests iOS/Info.plist";
				IPHONEOS_DEPLOYMENT_TARGET = 14.4;
				LD_RUNPATH_SEARCH_PATHS = (
					"$(inherited)",
					"@executable_path/Frameworks",
					"@loader_path/Frameworks",
				);
				PRODUCT_BUNDLE_IDENTIFIER = "Capstone.Tests-iOS";
				PRODUCT_NAME = "$(TARGET_NAME)";
				SDKROOT = iphoneos;
				SWIFT_VERSION = 5.0;
				TARGETED_DEVICE_FAMILY = "1,2";
				TEST_TARGET_NAME = "WasteWatchers (iOS)";
				VALIDATE_PRODUCT = YES;
			};
			name = Release;
		};
		939C01E825F1334F004E797E /* Debug */ = {
			isa = XCBuildConfiguration;
			buildSettings = {
				ALWAYS_EMBED_SWIFT_STANDARD_LIBRARIES = YES;
				CODE_SIGN_STYLE = Automatic;
				COMBINE_HIDPI_IMAGES = YES;
				DEVELOPMENT_TEAM = 9W5BU52U5K;
				INFOPLIST_FILE = "Tests macOS/Info.plist";
				LD_RUNPATH_SEARCH_PATHS = (
					"$(inherited)",
					"@executable_path/../Frameworks",
					"@loader_path/../Frameworks",
				);
				MACOSX_DEPLOYMENT_TARGET = 11.1;
				PRODUCT_BUNDLE_IDENTIFIER = "Capstone.Tests-macOS";
				PRODUCT_NAME = "$(TARGET_NAME)";
				SDKROOT = macosx;
				SWIFT_VERSION = 5.0;
				TEST_TARGET_NAME = "WasteWatchers (macOS)";
			};
			name = Debug;
		};
		939C01E925F1334F004E797E /* Release */ = {
			isa = XCBuildConfiguration;
			buildSettings = {
				ALWAYS_EMBED_SWIFT_STANDARD_LIBRARIES = YES;
				CODE_SIGN_STYLE = Automatic;
				COMBINE_HIDPI_IMAGES = YES;
				DEVELOPMENT_TEAM = 9W5BU52U5K;
				INFOPLIST_FILE = "Tests macOS/Info.plist";
				LD_RUNPATH_SEARCH_PATHS = (
					"$(inherited)",
					"@executable_path/../Frameworks",
					"@loader_path/../Frameworks",
				);
				MACOSX_DEPLOYMENT_TARGET = 11.1;
				PRODUCT_BUNDLE_IDENTIFIER = "Capstone.Tests-macOS";
				PRODUCT_NAME = "$(TARGET_NAME)";
				SDKROOT = macosx;
				SWIFT_VERSION = 5.0;
				TEST_TARGET_NAME = "WasteWatchers (macOS)";
			};
			name = Release;
		};
/* End XCBuildConfiguration section */

/* Begin XCConfigurationList section */
		939C01AB25F13349004E797E /* Build configuration list for PBXProject "WasteWatchers" */ = {
			isa = XCConfigurationList;
			buildConfigurations = (
				939C01DC25F1334F004E797E /* Debug */,
				939C01DD25F1334F004E797E /* Release */,
			);
			defaultConfigurationIsVisible = 0;
			defaultConfigurationName = Release;
		};
		939C01DE25F1334F004E797E /* Build configuration list for PBXNativeTarget "WasteWatchers (iOS)" */ = {
			isa = XCConfigurationList;
			buildConfigurations = (
				939C01DF25F1334F004E797E /* Debug */,
				939C01E025F1334F004E797E /* Release */,
			);
			defaultConfigurationIsVisible = 0;
			defaultConfigurationName = Release;
		};
		939C01E125F1334F004E797E /* Build configuration list for PBXNativeTarget "WasteWatchers (macOS)" */ = {
			isa = XCConfigurationList;
			buildConfigurations = (
				939C01E225F1334F004E797E /* Debug */,
				939C01E325F1334F004E797E /* Release */,
			);
			defaultConfigurationIsVisible = 0;
			defaultConfigurationName = Release;
		};
		939C01E425F1334F004E797E /* Build configuration list for PBXNativeTarget "Tests iOS" */ = {
			isa = XCConfigurationList;
			buildConfigurations = (
				939C01E525F1334F004E797E /* Debug */,
				939C01E625F1334F004E797E /* Release */,
			);
			defaultConfigurationIsVisible = 0;
			defaultConfigurationName = Release;
		};
		939C01E725F1334F004E797E /* Build configuration list for PBXNativeTarget "Tests macOS" */ = {
			isa = XCConfigurationList;
			buildConfigurations = (
				939C01E825F1334F004E797E /* Debug */,
				939C01E925F1334F004E797E /* Release */,
			);
			defaultConfigurationIsVisible = 0;
			defaultConfigurationName = Release;
		};
/* End XCConfigurationList section */
	};
	rootObject = 939C01A825F13349004E797E /* Project object */;
}
